
Microsoft Visual Studio Solution File, Format Version 12.00
# Visual Studio Version 16
VisualStudioVersion = 16.0.29806.167
MinimumVisualStudioVersion = 10.0.40219.1
Project("{FAE04EC0-301F-11D3-BF4B-00C04F79EFBC}") = "MyUnityDLL", "MyUnityDLL\MyUnityDLL.csproj", "{368422C2-C07B-4C88-B679-7A2D1A9AA72C}"
EndProject
Global
	GlobalSection(SolutionConfigurationPlatforms) = preSolution
		Debug|Any CPU = Debug|Any CPU
		Release|Any CPU = Release|Any CPU
	EndGlobalSection
	GlobalSection(ProjectConfigurationPlatforms) = postSolution
		{368422C2-C07B-4C88-B679-7A2D1A9AA72C}.Debug|Any CPU.ActiveCfg = Debug|Any CPU
		{368422C2-C07B-4C88-B679-7A2D1A9AA72C}.Debug|Any CPU.Build.0 = Debug|Any CPU
		{368422C2-C07B-4C88-B679-7A2D1A9AA72C}.Release|Any CPU.ActiveCfg = Release|Any CPU
		{368422C2-C07B-4C88-B679-7A2D1A9AA72C}.Release|Any CPU.Build.0 = Release|Any CPU
	EndGlobalSection
	GlobalSection(SolutionProperties) = preSolution
		HideSolutionNode = FALSE
	EndGlobalSection
	GlobalSection(ExtensibilityGlobals) = postSolution
		SolutionGuid = {4F26BB43-97AC-4645-BB7E-8D23B4FF4D0D}
	EndGlobalSection
EndGlobal
